
Microsoft Visual Studio Solution File, Format Version 12.00
# Visual Studio 15
VisualStudioVersion = 15.0.27428.2037
MinimumVisualStudioVersion = 10.0.40219.1
Project("{FAE04EC0-301F-11D3-BF4B-00C04F79EFBC}") = "Compare.Object", "Compare.Object\Compare.Object.csproj", "{E46937D9-3697-4E0F-B40F-59CC99DED1A8}"
EndProject
Project("{FAE04EC0-301F-11D3-BF4B-00C04F79EFBC}") = "Compare.BO", "Compare.BO\Compare.BO.csproj", "{CDFEB5AC-38AE-4C5C-AA8D-E00E1C8C94FB}"
EndProject
Project("{FAE04EC0-301F-11D3-BF4B-00C04F79EFBC}") = "Compare.BL", "Compare.BL\Compare.BL.csproj", "{618B6D76-6B7A-4E09-A50E-B28B36B7CB66}"
EndProject
Global
	GlobalSection(SolutionConfigurationPlatforms) = preSolution
		Debug|Any CPU = Debug|Any CPU
		Release|Any CPU = Release|Any CPU
	EndGlobalSection
	GlobalSection(ProjectConfigurationPlatforms) = postSolution
		{E46937D9-3697-4E0F-B40F-59CC99DED1A8}.Debug|Any CPU.ActiveCfg = Debug|Any CPU
		{E46937D9-3697-4E0F-B40F-59CC99DED1A8}.Debug|Any CPU.Build.0 = Debug|Any CPU
		{E46937D9-3697-4E0F-B40F-59CC99DED1A8}.Release|Any CPU.ActiveCfg = Release|Any CPU
		{E46937D9-3697-4E0F-B40F-59CC99DED1A8}.Release|Any CPU.Build.0 = Release|Any CPU
		{CDFEB5AC-38AE-4C5C-AA8D-E00E1C8C94FB}.Debug|Any CPU.ActiveCfg = Debug|Any CPU
		{CDFEB5AC-38AE-4C5C-AA8D-E00E1C8C94FB}.Debug|Any CPU.Build.0 = Debug|Any CPU
		{CDFEB5AC-38AE-4C5C-AA8D-E00E1C8C94FB}.Release|Any CPU.ActiveCfg = Release|Any CPU
		{CDFEB5AC-38AE-4C5C-AA8D-E00E1C8C94FB}.Release|Any CPU.Build.0 = Release|Any CPU
		{618B6D76-6B7A-4E09-A50E-B28B36B7CB66}.Debug|Any CPU.ActiveCfg = Debug|Any CPU
		{618B6D76-6B7A-4E09-A50E-B28B36B7CB66}.Debug|Any CPU.Build.0 = Debug|Any CPU
		{618B6D76-6B7A-4E09-A50E-B28B36B7CB66}.Release|Any CPU.ActiveCfg = Release|Any CPU
		{618B6D76-6B7A-4E09-A50E-B28B36B7CB66}.Release|Any CPU.Build.0 = Release|Any CPU
	EndGlobalSection
	GlobalSection(SolutionProperties) = preSolution
		HideSolutionNode = FALSE
	EndGlobalSection
	GlobalSection(ExtensibilityGlobals) = postSolution
		SolutionGuid = {69F9B87A-EE49-4977-AFD4-7A5B535C9E63}
	EndGlobalSection
EndGlobal
